// !$*UTF8*$!
{
	archiveVersion = 1;
	classes = {
	};
	objectVersion = 77;
	objects = {

/* Begin PBXBuildFile section */
		FC686A642D1E76E400CFD18C /* SDWebImageSwiftUI in Frameworks */ = {isa = PBXBuildFile; productRef = FC686A632D1E76E400CFD18C /* SDWebImageSwiftUI */; };
/* End PBXBuildFile section */

/* Begin PBXContainerItemProxy section */
		FCABA21E2D1D98E100BD5768 /* PBXContainerItemProxy */ = {
			isa = PBXContainerItemProxy;
			containerPortal = FCABA2052D1D98E000BD5768 /* Project object */;
			proxyType = 1;
			remoteGlobalIDString = FCABA20C2D1D98E000BD5768;
			remoteInfo = HACKATHON;
		};
		FCABA2282D1D98E100BD5768 /* PBXContainerItemProxy */ = {
			isa = PBXContainerItemProxy;
			containerPortal = FCABA2052D1D98E000BD5768 /* Project object */;
			proxyType = 1;
			remoteGlobalIDString = FCABA20C2D1D98E000BD5768;
			remoteInfo = HACKATHON;
		};
/* End PBXContainerItemProxy section */

/* Begin PBXFileReference section */
		FCABA20D2D1D98E000BD5768 /* HACKATHON.app */ = {isa = PBXFileReference; explicitFileType = wrapper.application; includeInIndex = 0; path = HACKATHON.app; sourceTree = BUILT_PRODUCTS_DIR; };
		FCABA21D2D1D98E100BD5768 /* HACKATHONTests.xctest */ = {isa = PBXFileReference; explicitFileType = wrapper.cfbundle; includeInIndex = 0; path = HACKATHONTests.xctest; sourceTree = BUILT_PRODUCTS_DIR; };
		FCABA2272D1D98E100BD5768 /* HACKATHONUITests.xctest */ = {isa = PBXFileReference; explicitFileType = wrapper.cfbundle; includeInIndex = 0; path = HACKATHONUITests.xctest; sourceTree = BUILT_PRODUCTS_DIR; };
/* End PBXFileReference section */

/* Begin PBXFileSystemSynchronizedRootGroup section */
		FCABA20F2D1D98E000BD5768 /* HACKATHON */ = {
			isa = PBXFileSystemSynchronizedRootGroup;
			explicitFolders = (
				"Preview Content/.xcassets",
			);
			path = HACKATHON;
			sourceTree = "<group>";
		};
		FCABA2202D1D98E100BD5768 /* HACKATHONTests */ = {
			isa = PBXFileSystemSynchronizedRootGroup;
			path = HACKATHONTests;
			sourceTree = "<group>";
		};
		FCABA22A2D1D98E100BD5768 /* HACKATHONUITests */ = {
			isa = PBXFileSystemSynchronizedRootGroup;
			path = HACKATHONUITests;
			sourceTree = "<group>";
		};
/* End PBXFileSystemSynchronizedRootGroup section */

/* Begin PBXFrameworksBuildPhase section */
		FCABA20A2D1D98E000BD5768 /* Frameworks */ = {
			isa = PBXFrameworksBuildPhase;
			buildActionMask = 2147483647;
			files = (
				FC686A642D1E76E400CFD18C /* SDWebImageSwiftUI in Frameworks */,
			);
			runOnlyForDeploymentPostprocessing = 0;
		};
		FCABA21A2D1D98E100BD5768 /* Frameworks */ = {
			isa = PBXFrameworksBuildPhase;
			buildActionMask = 2147483647;
			files = (
			);
			runOnlyForDeploymentPostprocessing = 0;
		};
		FCABA2242D1D98E100BD5768 /* Frameworks */ = {
			isa = PBXFrameworksBuildPhase;
			buildActionMask = 2147483647;
			files = (
			);
			runOnlyForDeploymentPostprocessing = 0;
		};
/* End PBXFrameworksBuildPhase section */

/* Begin PBXGroup section */
		FCABA2042D1D98E000BD5768 = {
			isa = PBXGroup;
			children = (
				FCABA20F2D1D98E000BD5768 /* HACKATHON */,
				FCABA2202D1D98E100BD5768 /* HACKATHONTests */,
				FCABA22A2D1D98E100BD5768 /* HACKATHONUITests */,
				FCABA20E2D1D98E000BD5768 /* Products */,
			);
			sourceTree = "<group>";
		};
		FCABA20E2D1D98E000BD5768 /* Products */ = {
			isa = PBXGroup;
			children = (
				FCABA20D2D1D98E000BD5768 /* HACKATHON.app */,
				FCABA21D2D1D98E100BD5768 /* HACKATHONTests.xctest */,
				FCABA2272D1D98E100BD5768 /* HACKATHONUITests.xctest */,
			);
			name = Products;
			sourceTree = "<group>";
		};
/* End PBXGroup section */

/* Begin PBXNativeTarget section */
		FCABA20C2D1D98E000BD5768 /* HACKATHON */ = {
			isa = PBXNativeTarget;
			buildConfigurationList = FCABA2312D1D98E100BD5768 /* Build configuration list for PBXNativeTarget "HACKATHON" */;
			buildPhases = (
				FCABA2092D1D98E000BD5768 /* Sources */,
				FCABA20A2D1D98E000BD5768 /* Frameworks */,
				FCABA20B2D1D98E000BD5768 /* Resources */,
			);
			buildRules = (
			);
			dependencies = (
			);
			fileSystemSynchronizedGroups = (
				FCABA20F2D1D98E000BD5768 /* HACKATHON */,
			);
			name = HACKATHON;
			packageProductDependencies = (
				FC686A632D1E76E400CFD18C /* SDWebImageSwiftUI */,
			);
			productName = HACKATHON;
			productReference = FCABA20D2D1D98E000BD5768 /* HACKATHON.app */;
			productType = "com.apple.product-type.application";
		};
		FCABA21C2D1D98E100BD5768 /* HACKATHONTests */ = {
			isa = PBXNativeTarget;
			buildConfigurationList = FCABA2342D1D98E100BD5768 /* Build configuration list for PBXNativeTarget "HACKATHONTests" */;
			buildPhases = (
				FCABA2192D1D98E100BD5768 /* Sources */,
				FCABA21A2D1D98E100BD5768 /* Frameworks */,
				FCABA21B2D1D98E100BD5768 /* Resources */,
			);
			buildRules = (
			);
			dependencies = (
				FCABA21F2D1D98E100BD5768 /* PBXTargetDependency */,
			);
			fileSystemSynchronizedGroups = (
				FCABA2202D1D98E100BD5768 /* HACKATHONTests */,
			);
			name = HACKATHONTests;
			packageProductDependencies = (
			);
			productName = HACKATHONTests;
			productReference = FCABA21D2D1D98E100BD5768 /* HACKATHONTests.xctest */;
			productType = "com.apple.product-type.bundle.unit-test";
		};
		FCABA2262D1D98E100BD5768 /* HACKATHONUITests */ = {
			isa = PBXNativeTarget;
			buildConfigurationList = FCABA2372D1D98E100BD5768 /* Build configuration list for PBXNativeTarget "HACKATHONUITests" */;
			buildPhases = (
				FCABA2232D1D98E100BD5768 /* Sources */,
				FCABA2242D1D98E100BD5768 /* Frameworks */,
				FCABA2252D1D98E100BD5768 /* Resources */,
			);
			buildRules = (
			);
			dependencies = (
				FCABA2292D1D98E100BD5768 /* PBXTargetDependency */,
			);
			fileSystemSynchronizedGroups = (
				FCABA22A2D1D98E100BD5768 /* HACKATHONUITests */,
			);
			name = HACKATHONUITests;
			packageProductDependencies = (
			);
			productName = HACKATHONUITests;
			productReference = FCABA2272D1D98E100BD5768 /* HACKATHONUITests.xctest */;
			productType = "com.apple.product-type.bundle.ui-testing";
		};
/* End PBXNativeTarget section */

/* Begin PBXProject section */
		FCABA2052D1D98E000BD5768 /* Project object */ = {
			isa = PBXProject;
			attributes = {
				BuildIndependentTargetsInParallel = 1;
				LastSwiftUpdateCheck = 1620;
				LastUpgradeCheck = 1620;
				TargetAttributes = {
					FCABA20C2D1D98E000BD5768 = {
						CreatedOnToolsVersion = 16.2;
					};
					FCABA21C2D1D98E100BD5768 = {
						CreatedOnToolsVersion = 16.2;
						TestTargetID = FCABA20C2D1D98E000BD5768;
					};
					FCABA2262D1D98E100BD5768 = {
						CreatedOnToolsVersion = 16.2;
						TestTargetID = FCABA20C2D1D98E000BD5768;
					};
				};
			};
			buildConfigurationList = FCABA2082D1D98E000BD5768 /* Build configuration list for PBXProject "HACKATHON" */;
			developmentRegion = en;
			hasScannedForEncodings = 0;
			knownRegions = (
				en,
				Base,
			);
			mainGroup = FCABA2042D1D98E000BD5768;
			minimizedProjectReferenceProxies = 1;
			packageReferences = (
				FC686A622D1E76B100CFD18C /* XCRemoteSwiftPackageReference "SDWebImageSwiftUI" */,
			);
			preferredProjectObjectVersion = 77;
			productRefGroup = FCABA20E2D1D98E000BD5768 /* Products */;
			projectDirPath = "";
			projectRoot = "";
			targets = (
				FCABA20C2D1D98E000BD5768 /* HACKATHON */,
				FCABA21C2D1D98E100BD5768 /* HACKATHONTests */,
				FCABA2262D1D98E100BD5768 /* HACKATHONUITests */,
			);
		};
/* End PBXProject section */

/* Begin PBXResourcesBuildPhase section */
		FCABA20B2D1D98E000BD5768 /* Resources */ = {
			isa = PBXResourcesBuildPhase;
			buildActionMask = 2147483647;
			files = (
			);
			runOnlyForDeploymentPostprocessing = 0;
		};
		FCABA21B2D1D98E100BD5768 /* Resources */ = {
			isa = PBXResourcesBuildPhase;
			buildActionMask = 2147483647;
			files = (
			);
			runOnlyForDeploymentPostprocessing = 0;
		};
		FCABA2252D1D98E100BD5768 /* Resources */ = {
			isa = PBXResourcesBuildPhase;
			buildActionMask = 2147483647;
			files = (
			);
			runOnlyForDeploymentPostprocessing = 0;
		};
/* End PBXResourcesBuildPhase section */

/* Begin PBXSourcesBuildPhase section */
		FCABA2092D1D98E000BD5768 /* Sources */ = {
			isa = PBXSourcesBuildPhase;
			buildActionMask = 2147483647;
			files = (
			);
			runOnlyForDeploymentPostprocessing = 0;
		};
		FCABA2192D1D98E100BD5768 /* Sources */ = {
			isa = PBXSourcesBuildPhase;
			buildActionMask = 2147483647;
			files = (
			);
			runOnlyForDeploymentPostprocessing = 0;
		};
		FCABA2232D1D98E100BD5768 /* Sources */ = {
			isa = PBXSourcesBuildPhase;
			buildActionMask = 2147483647;
			files = (
			);
			runOnlyForDeploymentPostprocessing = 0;
		};
/* End PBXSourcesBuildPhase section */

/* Begin PBXTargetDependency section */
		FCABA21F2D1D98E100BD5768 /* PBXTargetDependency */ = {
			isa = PBXTargetDependency;
			target = FCABA20C2D1D98E000BD5768 /* HACKATHON */;
			targetProxy = FCABA21E2D1D98E100BD5768 /* PBXContainerItemProxy */;
		};
		FCABA2292D1D98E100BD5768 /* PBXTargetDependency */ = {
			isa = PBXTargetDependency;
			target = FCABA20C2D1D98E000BD5768 /* HACKATHON */;
			targetProxy = FCABA2282D1D98E100BD5768 /* PBXContainerItemProxy */;
		};
/* End PBXTargetDependency section */

/* Begin XCBuildConfiguration section */
		FCABA22F2D1D98E100BD5768 /* Debug */ = {
			isa = XCBuildConfiguration;
			buildSettings = {
				ALWAYS_SEARCH_USER_PATHS = NO;
				ASSETCATALOG_COMPILER_GENERATE_SWIFT_ASSET_SYMBOL_EXTENSIONS = YES;
				CLANG_ANALYZER_NONNULL = YES;
				CLANG_ANALYZER_NUMBER_OBJECT_CONVERSION = YES_AGGRESSIVE;
				CLANG_CXX_LANGUAGE_STANDARD = "gnu++20";
				CLANG_ENABLE_MODULES = YES;
				CLANG_ENABLE_OBJC_ARC = YES;
				CLANG_ENABLE_OBJC_WEAK = YES;
				CLANG_WARN_BLOCK_CAPTURE_AUTORELEASING = YES;
				CLANG_WARN_BOOL_CONVERSION = YES;
				CLANG_WARN_COMMA = YES;
				CLANG_WARN_CONSTANT_CONVERSION = YES;
				CLANG_WARN_DEPRECATED_OBJC_IMPLEMENTATIONS = YES;
				CLANG_WARN_DIRECT_OBJC_ISA_USAGE = YES_ERROR;
				CLANG_WARN_DOCUMENTATION_COMMENTS = YES;
				CLANG_WARN_EMPTY_BODY = YES;
				CLANG_WARN_ENUM_CONVERSION = YES;
				CLANG_WARN_INFINITE_RECURSION = YES;
				CLANG_WARN_INT_CONVERSION = YES;
				CLANG_WARN_NON_LITERAL_NULL_CONVERSION = YES;
				CLANG_WARN_OBJC_IMPLICIT_RETAIN_SELF = YES;
				CLANG_WARN_OBJC_LITERAL_CONVERSION = YES;
				CLANG_WARN_OBJC_ROOT_CLASS = YES_ERROR;
				CLANG_WARN_QUOTED_INCLUDE_IN_FRAMEWORK_HEADER = YES;
				CLANG_WARN_RANGE_LOOP_ANALYSIS = YES;
				CLANG_WARN_STRICT_PROTOTYPES = YES;
				CLANG_WARN_SUSPICIOUS_MOVE = YES;
				CLANG_WARN_UNGUARDED_AVAILABILITY = YES_AGGRESSIVE;
				CLANG_WARN_UNREACHABLE_CODE = YES;
				CLANG_WARN__DUPLICATE_METHOD_MATCH = YES;
				COPY_PHASE_STRIP = NO;
				DEBUG_INFORMATION_FORMAT = dwarf;
				ENABLE_STRICT_OBJC_MSGSEND = YES;
				ENABLE_TESTABILITY = YES;
				ENABLE_USER_SCRIPT_SANDBOXING = YES;
				GCC_C_LANGUAGE_STANDARD = gnu17;
				GCC_DYNAMIC_NO_PIC = NO;
				GCC_NO_COMMON_BLOCKS = YES;
				GCC_OPTIMIZATION_LEVEL = 0;
				GCC_PREPROCESSOR_DEFINITIONS = (
					"DEBUG=1",
					"$(inherited)",
				);
				GCC_WARN_64_TO_32_BIT_CONVERSION = YES;
				GCC_WARN_ABOUT_RETURN_TYPE = YES_ERROR;
				GCC_WARN_UNDECLARED_SELECTOR = YES;
				GCC_WARN_UNINITIALIZED_AUTOS = YES_AGGRESSIVE;
				GCC_WARN_UNUSED_FUNCTION = YES;
				GCC_WARN_UNUSED_VARIABLE = YES;
				IPHONEOS_DEPLOYMENT_TARGET = 18.2;
				LOCALIZATION_PREFERS_STRING_CATALOGS = YES;
				MTL_ENABLE_DEBUG_INFO = INCLUDE_SOURCE;
				MTL_FAST_MATH = YES;
				ONLY_ACTIVE_ARCH = YES;
				SDKROOT = iphoneos;
				SWIFT_ACTIVE_COMPILATION_CONDITIONS = "DEBUG $(inherited)";
				SWIFT_OPTIMIZATION_LEVEL = "-Onone";
			};
			name = Debug;
		};
		FCABA2302D1D98E100BD5768 /* Release */ = {
			isa = XCBuildConfiguration;
			buildSettings = {
				ALWAYS_SEARCH_USER_PATHS = NO;
				ASSETCATALOG_COMPILER_GENERATE_SWIFT_ASSET_SYMBOL_EXTENSIONS = YES;
				CLANG_ANALYZER_NONNULL = YES;
				CLANG_ANALYZER_NUMBER_OBJECT_CONVERSION = YES_AGGRESSIVE;
				CLANG_CXX_LANGUAGE_STANDARD = "gnu++20";
				CLANG_ENABLE_MODULES = YES;
				CLANG_ENABLE_OBJC_ARC = YES;
				CLANG_ENABLE_OBJC_WEAK = YES;
				CLANG_WARN_BLOCK_CAPTURE_AUTORELEASING = YES;
				CLANG_WARN_BOOL_CONVERSION = YES;
				CLANG_WARN_COMMA = YES;
				CLANG_WARN_CONSTANT_CONVERSION = YES;
				CLANG_WARN_DEPRECATED_OBJC_IMPLEMENTATIONS = YES;
				CLANG_WARN_DIRECT_OBJC_ISA_USAGE = YES_ERROR;
				CLANG_WARN_DOCUMENTATION_COMMENTS = YES;
				CLANG_WARN_EMPTY_BODY = YES;
				CLANG_WARN_ENUM_CONVERSION = YES;
				CLANG_WARN_INFINITE_RECURSION = YES;
				CLANG_WARN_INT_CONVERSION = YES;
				CLANG_WARN_NON_LITERAL_NULL_CONVERSION = YES;
				CLANG_WARN_OBJC_IMPLICIT_RETAIN_SELF = YES;
				CLANG_WARN_OBJC_LITERAL_CONVERSION = YES;
				CLANG_WARN_OBJC_ROOT_CLASS = YES_ERROR;
				CLANG_WARN_QUOTED_INCLUDE_IN_FRAMEWORK_HEADER = YES;
				CLANG_WARN_RANGE_LOOP_ANALYSIS = YES;
				CLANG_WARN_STRICT_PROTOTYPES = YES;
				CLANG_WARN_SUSPICIOUS_MOVE = YES;
				CLANG_WARN_UNGUARDED_AVAILABILITY = YES_AGGRESSIVE;
				CLANG_WARN_UNREACHABLE_CODE = YES;
				CLANG_WARN__DUPLICATE_METHOD_MATCH = YES;
				COPY_PHASE_STRIP = NO;
				DEBUG_INFORMATION_FORMAT = "dwarf-with-dsym";
				ENABLE_NS_ASSERTIONS = NO;
				ENABLE_STRICT_OBJC_MSGSEND = YES;
				ENABLE_USER_SCRIPT_SANDBOXING = YES;
				GCC_C_LANGUAGE_STANDARD = gnu17;
				GCC_NO_COMMON_BLOCKS = YES;
				GCC_WARN_64_TO_32_BIT_CONVERSION = YES;
				GCC_WARN_ABOUT_RETURN_TYPE = YES_ERROR;
				GCC_WARN_UNDECLARED_SELECTOR = YES;
				GCC_WARN_UNINITIALIZED_AUTOS = YES_AGGRESSIVE;
				GCC_WARN_UNUSED_FUNCTION = YES;
				GCC_WARN_UNUSED_VARIABLE = YES;
				IPHONEOS_DEPLOYMENT_TARGET = 18.2;
				LOCALIZATION_PREFERS_STRING_CATALOGS = YES;
				MTL_ENABLE_DEBUG_INFO = NO;
				MTL_FAST_MATH = YES;
				SDKROOT = iphoneos;
				SWIFT_COMPILATION_MODE = wholemodule;
				VALIDATE_PRODUCT = YES;
			};
			name = Release;
		};
		FCABA2322D1D98E100BD5768 /* Debug */ = {
			isa = XCBuildConfiguration;
			buildSettings = {
				ASSETCATALOG_COMPILER_APPICON_NAME = AppIcon;
				ASSETCATALOG_COMPILER_GLOBAL_ACCENT_COLOR_NAME = AccentColor;
				CODE_SIGN_STYLE = Automatic;
				CURRENT_PROJECT_VERSION = 1;
				DEVELOPMENT_ASSET_PATHS = "\"HACKATHON/Preview Content\"";
				ENABLE_PREVIEWS = YES;
				GENERATE_INFOPLIST_FILE = YES;
				INFOPLIST_KEY_UIApplicationSceneManifest_Generation = YES;
				INFOPLIST_KEY_UIApplicationSupportsIndirectInputEvents = YES;
				INFOPLIST_KEY_UILaunchScreen_Generation = YES;
				INFOPLIST_KEY_UISupportedInterfaceOrientations_iPad = "UIInterfaceOrientationPortrait UIInterfaceOrientationPortraitUpsideDown UIInterfaceOrientationLandscapeLeft UIInterfaceOrientationLandscapeRight";
				INFOPLIST_KEY_UISupportedInterfaceOrientations_iPhone = "UIInterfaceOrientationPortrait UIInterfaceOrientationLandscapeLeft UIInterfaceOrientationLandscapeRight";
				LD_RUNPATH_SEARCH_PATHS = (
					"$(inherited)",
					"@executable_path/Frameworks",
				);
				MARKETING_VERSION = 1.0;
				PRODUCT_BUNDLE_IDENTIFIER = fdb.com.HACKATHON;
				PRODUCT_NAME = "$(TARGET_NAME)";
				SWIFT_EMIT_LOC_STRINGS = YES;
				SWIFT_VERSION = 5.0;
				TARGETED_DEVICE_FAMILY = "1,2";
			};
			name = Debug;
		};
		FCABA2332D1D98E100BD5768 /* Release */ = {
			isa = XCBuildConfiguration;
			buildSettings = {
				ASSETCATALOG_COMPILER_APPICON_NAME = AppIcon;
				ASSETCATALOG_COMPILER_GLOBAL_ACCENT_COLOR_NAME = AccentColor;
				CODE_SIGN_STYLE = Automatic;
				CURRENT_PROJECT_VERSION = 1;
				DEVELOPMENT_ASSET_PATHS = "\"HACKATHON/Preview Content\"";
				ENABLE_PREVIEWS = YES;
				GENERATE_INFOPLIST_FILE = YES;
				INFOPLIST_KEY_UIApplicationSceneManifest_Generation = YES;
				INFOPLIST_KEY_UIApplicationSupportsIndirectInputEvents = YES;
				INFOPLIST_KEY_UILaunchScreen_Generation = YES;
				INFOPLIST_KEY_UISupportedInterfaceOrientations_iPad = "UIInterfaceOrientationPortrait UIInterfaceOrientationPortraitUpsideDown UIInterfaceOrientationLandscapeLeft UIInterfaceOrientationLandscapeRight";
				INFOPLIST_KEY_UISupportedInterfaceOrientations_iPhone = "UIInterfaceOrientationPortrait UIInterfaceOrientationLandscapeLeft UIInterfaceOrientationLandscapeRight";
				LD_RUNPATH_SEARCH_PATHS = (
					"$(inherited)",
					"@executable_path/Frameworks",
				);
				MARKETING_VERSION = 1.0;
				PRODUCT_BUNDLE_IDENTIFIER = fdb.com.HACKATHON;
				PRODUCT_NAME = "$(TARGET_NAME)";
				SWIFT_EMIT_LOC_STRINGS = YES;
				SWIFT_VERSION = 5.0;
				TARGETED_DEVICE_FAMILY = "1,2";
			};
			name = Release;
		};
		FCABA2352D1D98E100BD5768 /* Debug */ = {
			isa = XCBuildConfiguration;
			buildSettings = {
				BUNDLE_LOADER = "$(TEST_HOST)";
				CODE_SIGN_STYLE = Automatic;
				CURRENT_PROJECT_VERSION = 1;
				GENERATE_INFOPLIST_FILE = YES;
				IPHONEOS_DEPLOYMENT_TARGET = 18.2;
				MARKETING_VERSION = 1.0;
				PRODUCT_BUNDLE_IDENTIFIER = fdb.com.HACKATHONTests;
				PRODUCT_NAME = "$(TARGET_NAME)";
				SWIFT_EMIT_LOC_STRINGS = NO;
				SWIFT_VERSION = 5.0;
				TARGETED_DEVICE_FAMILY = "1,2";
				TEST_HOST = "$(BUILT_PRODUCTS_DIR)/HACKATHON.app/$(BUNDLE_EXECUTABLE_FOLDER_PATH)/HACKATHON";
			};
			name = Debug;
		};
		FCABA2362D1D98E100BD5768 /* Release */ = {
			isa = XCBuildConfiguration;
			buildSettings = {
				BUNDLE_LOADER = "$(TEST_HOST)";
				CODE_SIGN_STYLE = Automatic;
				CURRENT_PROJECT_VERSION = 1;
				GENERATE_INFOPLIST_FILE = YES;
				IPHONEOS_DEPLOYMENT_TARGET = 18.2;
				MARKETING_VERSION = 1.0;
				PRODUCT_BUNDLE_IDENTIFIER = fdb.com.HACKATHONTests;
				PRODUCT_NAME = "$(TARGET_NAME)";
				SWIFT_EMIT_LOC_STRINGS = NO;
				SWIFT_VERSION = 5.0;
				TARGETED_DEVICE_FAMILY = "1,2";
				TEST_HOST = "$(BUILT_PRODUCTS_DIR)/HACKATHON.app/$(BUNDLE_EXECUTABLE_FOLDER_PATH)/HACKATHON";
			};
			name = Release;
		};
		FCABA2382D1D98E100BD5768 /* Debug */ = {
			isa = XCBuildConfiguration;
			buildSettings = {
				CODE_SIGN_STYLE = Automatic;
				CURRENT_PROJECT_VERSION = 1;
				GENERATE_INFOPLIST_FILE = YES;
				MARKETING_VERSION = 1.0;
				PRODUCT_BUNDLE_IDENTIFIER = fdb.com.HACKATHONUITests;
				PRODUCT_NAME = "$(TARGET_NAME)";
				SWIFT_EMIT_LOC_STRINGS = NO;
				SWIFT_VERSION = 5.0;
				TARGETED_DEVICE_FAMILY = "1,2";
				TEST_TARGET_NAME = HACKATHON;
			};
			name = Debug;
		};
		FCABA2392D1D98E100BD5768 /* Release */ = {
			isa = XCBuildConfiguration;
			buildSettings = {
				CODE_SIGN_STYLE = Automatic;
				CURRENT_PROJECT_VERSION = 1;
				GENERATE_INFOPLIST_FILE = YES;
				MARKETING_VERSION = 1.0;
				PRODUCT_BUNDLE_IDENTIFIER = fdb.com.HACKATHONUITests;
				PRODUCT_NAME = "$(TARGET_NAME)";
				SWIFT_EMIT_LOC_STRINGS = NO;
				SWIFT_VERSION = 5.0;
				TARGETED_DEVICE_FAMILY = "1,2";
				TEST_TARGET_NAME = HACKATHON;
			};
			name = Release;
		};
/* End XCBuildConfiguration section */

/* Begin XCConfigurationList section */
		FCABA2082D1D98E000BD5768 /* Build configuration list for PBXProject "HACKATHON" */ = {
			isa = XCConfigurationList;
			buildConfigurations = (
				FCABA22F2D1D98E100BD5768 /* Debug */,
				FCABA2302D1D98E100BD5768 /* Release */,
			);
			defaultConfigurationIsVisible = 0;
			defaultConfigurationName = Release;
		};
		FCABA2312D1D98E100BD5768 /* Build configuration list for PBXNativeTarget "HACKATHON" */ = {
			isa = XCConfigurationList;
			buildConfigurations = (
				FCABA2322D1D98E100BD5768 /* Debug */,
				FCABA2332D1D98E100BD5768 /* Release */,
			);
			defaultConfigurationIsVisible = 0;
			defaultConfigurationName = Release;
		};
		FCABA2342D1D98E100BD5768 /* Build configuration list for PBXNativeTarget "HACKATHONTests" */ = {
			isa = XCConfigurationList;
			buildConfigurations = (
				FCABA2352D1D98E100BD5768 /* Debug */,
				FCABA2362D1D98E100BD5768 /* Release */,
			);
			defaultConfigurationIsVisible = 0;
			defaultConfigurationName = Release;
		};
		FCABA2372D1D98E100BD5768 /* Build configuration list for PBXNativeTarget "HACKATHONUITests" */ = {
			isa = XCConfigurationList;
			buildConfigurations = (
				FCABA2382D1D98E100BD5768 /* Debug */,
				FCABA2392D1D98E100BD5768 /* Release */,
			);
			defaultConfigurationIsVisible = 0;
			defaultConfigurationName = Release;
		};
/* End XCConfigurationList section */

/* Begin XCRemoteSwiftPackageReference section */
		FC686A622D1E76B100CFD18C /* XCRemoteSwiftPackageReference "SDWebImageSwiftUI" */ = {
			isa = XCRemoteSwiftPackageReference;
			repositoryURL = "https://github.com/SDWebImage/SDWebImageSwiftUI.git";
			requirement = {
				kind = upToNextMajorVersion;
				minimumVersion = 3.1.3;
			};
		};
/* End XCRemoteSwiftPackageReference section */

/* Begin XCSwiftPackageProductDependency section */
		FC686A632D1E76E400CFD18C /* SDWebImageSwiftUI */ = {
			isa = XCSwiftPackageProductDependency;
			package = FC686A622D1E76B100CFD18C /* XCRemoteSwiftPackageReference "SDWebImageSwiftUI" */;
			productName = SDWebImageSwiftUI;
		};
/* End XCSwiftPackageProductDependency section */
	};
	rootObject = FCABA2052D1D98E000BD5768 /* Project object */;
}
